
Microsoft Visual Studio Solution File, Format Version 12.00
# Visual Studio Version 17
VisualStudioVersion = 17.11.35222.181
MinimumVisualStudioVersion = 10.0.40219.1
Project("{9A19103F-16F7-4668-BE54-9A1E7A4F7556}") = "PI_ComB_Grupo2_ClubDeportivo", "PI_ComB_Grupo2_ClubDeportivo.csproj", "{3EC39CA6-191B-4EBE-97B3-A981F3F154DB}"
EndProject
Global
	GlobalSection(SolutionConfigurationPlatforms) = preSolution
		Debug|Any CPU = Debug|Any CPU
		Release|Any CPU = Release|Any CPU
	EndGlobalSection
	GlobalSection(ProjectConfigurationPlatforms) = postSolution
		{3EC39CA6-191B-4EBE-97B3-A981F3F154DB}.Debug|Any CPU.ActiveCfg = Debug|Any CPU
		{3EC39CA6-191B-4EBE-97B3-A981F3F154DB}.Debug|Any CPU.Build.0 = Debug|Any CPU
		{3EC39CA6-191B-4EBE-97B3-A981F3F154DB}.Release|Any CPU.ActiveCfg = Release|Any CPU
		{3EC39CA6-191B-4EBE-97B3-A981F3F154DB}.Release|Any CPU.Build.0 = Release|Any CPU
	EndGlobalSection
	GlobalSection(SolutionProperties) = preSolution
		HideSolutionNode = FALSE
	EndGlobalSection
	GlobalSection(ExtensibilityGlobals) = postSolution
		SolutionGuid = {0065A609-171F-4AEA-91A1-5E0E206F1026}
	EndGlobalSection
EndGlobal
